
Microsoft Visual Studio Solution File, Format Version 12.00
# Visual Studio Version 16
VisualStudioVersion = 16.0.31313.79
MinimumVisualStudioVersion = 10.0.40219.1
Project("{2150E333-8FDC-42A3-9474-1A3956D46DE8}") = "CatalogAPI", "CatalogAPI", "{F63DAB24-F8B0-4E24-908C-390183EE9F23}"
EndProject
Project("{9A19103F-16F7-4668-BE54-9A1E7A4F7556}") = "Catalog.API", "Catalog.API\Catalog.API.csproj", "{E2EF0A0B-B63D-4E69-B4F6-4B7C40547A36}"
EndProject
Project("{2150E333-8FDC-42A3-9474-1A3956D46DE8}") = "Services", "Services", "{5FEAEB99-D776-4EE9-97E0-EF90FA4B8942}"
	ProjectSection(SolutionItems) = preProject
		ImportantNote.txt = ImportantNote.txt
	EndProjectSection
EndProject
Project("{E53339B2-1760-4266-BCC7-CA923CBCF16C}") = "docker-compose", "docker-compose.dcproj", "{1308BB0E-7FA5-4ADA-9FBA-AFA6B2110B9C}"
EndProject
Project("{2150E333-8FDC-42A3-9474-1A3956D46DE8}") = "Basket", "Basket", "{20B3CF94-5F75-41EF-B1A0-CA27983D9971}"
EndProject
Project("{9A19103F-16F7-4668-BE54-9A1E7A4F7556}") = "Basket.API", "Services\Basket.API\Basket.API.csproj", "{87D8873D-E013-43E2-9CBC-BC28D540865C}"
EndProject
Project("{2150E333-8FDC-42A3-9474-1A3956D46DE8}") = "Discount", "Discount", "{C1E491F2-8301-4975-B083-488DF096D974}"
EndProject
Project("{9A19103F-16F7-4668-BE54-9A1E7A4F7556}") = "Discount.API", "Services\Discount.API\Discount.API.csproj", "{BAAD8ECF-2A99-4378-BFDF-826940B1C6D8}"
EndProject
Global
	GlobalSection(SolutionConfigurationPlatforms) = preSolution
		Debug|Any CPU = Debug|Any CPU
		Release|Any CPU = Release|Any CPU
	EndGlobalSection
	GlobalSection(ProjectConfigurationPlatforms) = postSolution
		{E2EF0A0B-B63D-4E69-B4F6-4B7C40547A36}.Debug|Any CPU.ActiveCfg = Debug|Any CPU
		{E2EF0A0B-B63D-4E69-B4F6-4B7C40547A36}.Debug|Any CPU.Build.0 = Debug|Any CPU
		{E2EF0A0B-B63D-4E69-B4F6-4B7C40547A36}.Release|Any CPU.ActiveCfg = Release|Any CPU
		{E2EF0A0B-B63D-4E69-B4F6-4B7C40547A36}.Release|Any CPU.Build.0 = Release|Any CPU
		{1308BB0E-7FA5-4ADA-9FBA-AFA6B2110B9C}.Debug|Any CPU.ActiveCfg = Debug|Any CPU
		{1308BB0E-7FA5-4ADA-9FBA-AFA6B2110B9C}.Debug|Any CPU.Build.0 = Debug|Any CPU
		{1308BB0E-7FA5-4ADA-9FBA-AFA6B2110B9C}.Release|Any CPU.ActiveCfg = Release|Any CPU
		{1308BB0E-7FA5-4ADA-9FBA-AFA6B2110B9C}.Release|Any CPU.Build.0 = Release|Any CPU
		{87D8873D-E013-43E2-9CBC-BC28D540865C}.Debug|Any CPU.ActiveCfg = Debug|Any CPU
		{87D8873D-E013-43E2-9CBC-BC28D540865C}.Debug|Any CPU.Build.0 = Debug|Any CPU
		{87D8873D-E013-43E2-9CBC-BC28D540865C}.Release|Any CPU.ActiveCfg = Release|Any CPU
		{87D8873D-E013-43E2-9CBC-BC28D540865C}.Release|Any CPU.Build.0 = Release|Any CPU
		{BAAD8ECF-2A99-4378-BFDF-826940B1C6D8}.Debug|Any CPU.ActiveCfg = Debug|Any CPU
		{BAAD8ECF-2A99-4378-BFDF-826940B1C6D8}.Debug|Any CPU.Build.0 = Debug|Any CPU
		{BAAD8ECF-2A99-4378-BFDF-826940B1C6D8}.Release|Any CPU.ActiveCfg = Release|Any CPU
		{BAAD8ECF-2A99-4378-BFDF-826940B1C6D8}.Release|Any CPU.Build.0 = Release|Any CPU
	EndGlobalSection
	GlobalSection(SolutionProperties) = preSolution
		HideSolutionNode = FALSE
	EndGlobalSection
	GlobalSection(NestedProjects) = preSolution
		{F63DAB24-F8B0-4E24-908C-390183EE9F23} = {5FEAEB99-D776-4EE9-97E0-EF90FA4B8942}
		{E2EF0A0B-B63D-4E69-B4F6-4B7C40547A36} = {F63DAB24-F8B0-4E24-908C-390183EE9F23}
		{20B3CF94-5F75-41EF-B1A0-CA27983D9971} = {5FEAEB99-D776-4EE9-97E0-EF90FA4B8942}
		{87D8873D-E013-43E2-9CBC-BC28D540865C} = {20B3CF94-5F75-41EF-B1A0-CA27983D9971}
		{C1E491F2-8301-4975-B083-488DF096D974} = {5FEAEB99-D776-4EE9-97E0-EF90FA4B8942}
		{BAAD8ECF-2A99-4378-BFDF-826940B1C6D8} = {C1E491F2-8301-4975-B083-488DF096D974}
	EndGlobalSection
	GlobalSection(ExtensibilityGlobals) = postSolution
		SolutionGuid = {E12E9989-1492-4BE0-9BDA-3286468A95AA}
	EndGlobalSection
EndGlobal
