
Microsoft Visual Studio Solution File, Format Version 12.00
# Visual Studio Version 16
VisualStudioVersion = 16.0.31313.79
MinimumVisualStudioVersion = 10.0.40219.1
Project("{2150E333-8FDC-42A3-9474-1A3956D46DE8}") = "Services", "Services", "{5FEAEB99-D776-4EE9-97E0-EF90FA4B8942}"
	ProjectSection(SolutionItems) = preProject
		ImportantNote.txt = ImportantNote.txt
	EndProjectSection
EndProject
Project("{2150E333-8FDC-42A3-9474-1A3956D46DE8}") = "Discount", "Discount", "{C1E491F2-8301-4975-B083-488DF096D974}"
EndProject
Project("{9A19103F-16F7-4668-BE54-9A1E7A4F7556}") = "Discount.API", "Services\Discount\Discount.API\Discount.API.csproj", "{73EDA30A-753D-493D-BBE4-2ACAE877ED4F}"
EndProject
Project("{9A19103F-16F7-4668-BE54-9A1E7A4F7556}") = "Discount.Grpc", "Services\Discount\Discount.Grpc\Discount.Grpc.csproj", "{113C8328-AAB5-481B-9E2F-34BF7627A01A}"
EndProject
Project("{2150E333-8FDC-42A3-9474-1A3956D46DE8}") = "Catalog", "Catalog", "{13A0BBE6-168A-4003-ACD2-49E7A48D5449}"
EndProject
Project("{9A19103F-16F7-4668-BE54-9A1E7A4F7556}") = "Catalog.API", "Services\Catalog\Catalog.API\Catalog.API.csproj", "{BEF76721-D023-440F-BD2D-5AB7A8B76742}"
EndProject
Project("{2150E333-8FDC-42A3-9474-1A3956D46DE8}") = "Basket", "Basket", "{B2D75447-3C34-437A-B181-186352BF5606}"
EndProject
Project("{9A19103F-16F7-4668-BE54-9A1E7A4F7556}") = "Basket.API", "Services\Basket\Basket.API\Basket.API.csproj", "{BFD53742-5539-4639-AC90-E55D49F21202}"
EndProject
Project("{2150E333-8FDC-42A3-9474-1A3956D46DE8}") = "Ordering", "Ordering", "{C8ECE7DF-C7F7-45EC-A014-D1671B55E469}"
EndProject
Project("{9A19103F-16F7-4668-BE54-9A1E7A4F7556}") = "Ordering.API", "Services\Ordering\Ordering.API\Ordering.API.csproj", "{46AAA7CB-8492-4B22-A091-4CE76A963C26}"
EndProject
Project("{E53339B2-1760-4266-BCC7-CA923CBCF16C}") = "docker-compose", "docker-compose.dcproj", "{69B126F7-5075-4F03-AEEF-201E38E4B72C}"
EndProject
Project("{9A19103F-16F7-4668-BE54-9A1E7A4F7556}") = "Ordering.Domain", "Services\Ordering\Ordering.Domain\Ordering.Domain.csproj", "{86E5CB9C-B8AB-49BC-9A18-42277884B6E8}"
EndProject
Project("{9A19103F-16F7-4668-BE54-9A1E7A4F7556}") = "Ordering.Application", "Services\Ordering\Ordering.Application\Ordering.Application.csproj", "{869950E1-C637-45F2-A97E-013EC4A98B96}"
EndProject
Project("{9A19103F-16F7-4668-BE54-9A1E7A4F7556}") = "Ordering.Infrastructure", "Services\Ordering\Ordering.Infrastructure\Ordering.Infrastructure.csproj", "{6D2DE0F2-2036-41B5-B3E2-1F471296E829}"
EndProject
Project("{2150E333-8FDC-42A3-9474-1A3956D46DE8}") = "BuildingBlocks", "BuildingBlocks", "{A3204AA8-3D6F-4375-B6B4-C33E5E8AC1A0}"
EndProject
Project("{9A19103F-16F7-4668-BE54-9A1E7A4F7556}") = "EventBus.Messages", "BuildingBlocks\EventBus.Messages\EventBus.Messages.csproj", "{81FFEEF4-D9F3-4888-918E-7451EEF1A69D}"
EndProject
Project("{2150E333-8FDC-42A3-9474-1A3956D46DE8}") = "ApiGateways", "ApiGateways", "{B09E165A-3491-47B1-B895-B522996AFE58}"
EndProject
Project("{FAE04EC0-301F-11D3-BF4B-00C04F79EFBC}") = "OcelotApiGw", "ApiGateways\OcelotApiGw\OcelotApiGw.csproj", "{3CF8ADC0-6FB1-4717-B3AA-C213E789B11F}"
EndProject
Global
	GlobalSection(SolutionConfigurationPlatforms) = preSolution
		Debug|Any CPU = Debug|Any CPU
		Release|Any CPU = Release|Any CPU
	EndGlobalSection
	GlobalSection(ProjectConfigurationPlatforms) = postSolution
		{73EDA30A-753D-493D-BBE4-2ACAE877ED4F}.Debug|Any CPU.ActiveCfg = Debug|Any CPU
		{73EDA30A-753D-493D-BBE4-2ACAE877ED4F}.Debug|Any CPU.Build.0 = Debug|Any CPU
		{73EDA30A-753D-493D-BBE4-2ACAE877ED4F}.Release|Any CPU.ActiveCfg = Release|Any CPU
		{73EDA30A-753D-493D-BBE4-2ACAE877ED4F}.Release|Any CPU.Build.0 = Release|Any CPU
		{113C8328-AAB5-481B-9E2F-34BF7627A01A}.Debug|Any CPU.ActiveCfg = Debug|Any CPU
		{113C8328-AAB5-481B-9E2F-34BF7627A01A}.Debug|Any CPU.Build.0 = Debug|Any CPU
		{113C8328-AAB5-481B-9E2F-34BF7627A01A}.Release|Any CPU.ActiveCfg = Release|Any CPU
		{113C8328-AAB5-481B-9E2F-34BF7627A01A}.Release|Any CPU.Build.0 = Release|Any CPU
		{BEF76721-D023-440F-BD2D-5AB7A8B76742}.Debug|Any CPU.ActiveCfg = Debug|Any CPU
		{BEF76721-D023-440F-BD2D-5AB7A8B76742}.Debug|Any CPU.Build.0 = Debug|Any CPU
		{BEF76721-D023-440F-BD2D-5AB7A8B76742}.Release|Any CPU.ActiveCfg = Release|Any CPU
		{BEF76721-D023-440F-BD2D-5AB7A8B76742}.Release|Any CPU.Build.0 = Release|Any CPU
		{BFD53742-5539-4639-AC90-E55D49F21202}.Debug|Any CPU.ActiveCfg = Debug|Any CPU
		{BFD53742-5539-4639-AC90-E55D49F21202}.Debug|Any CPU.Build.0 = Debug|Any CPU
		{BFD53742-5539-4639-AC90-E55D49F21202}.Release|Any CPU.ActiveCfg = Release|Any CPU
		{BFD53742-5539-4639-AC90-E55D49F21202}.Release|Any CPU.Build.0 = Release|Any CPU
		{46AAA7CB-8492-4B22-A091-4CE76A963C26}.Debug|Any CPU.ActiveCfg = Debug|Any CPU
		{46AAA7CB-8492-4B22-A091-4CE76A963C26}.Debug|Any CPU.Build.0 = Debug|Any CPU
		{46AAA7CB-8492-4B22-A091-4CE76A963C26}.Release|Any CPU.ActiveCfg = Release|Any CPU
		{46AAA7CB-8492-4B22-A091-4CE76A963C26}.Release|Any CPU.Build.0 = Release|Any CPU
		{69B126F7-5075-4F03-AEEF-201E38E4B72C}.Debug|Any CPU.ActiveCfg = Debug|Any CPU
		{69B126F7-5075-4F03-AEEF-201E38E4B72C}.Debug|Any CPU.Build.0 = Debug|Any CPU
		{69B126F7-5075-4F03-AEEF-201E38E4B72C}.Release|Any CPU.ActiveCfg = Release|Any CPU
		{69B126F7-5075-4F03-AEEF-201E38E4B72C}.Release|Any CPU.Build.0 = Release|Any CPU
		{86E5CB9C-B8AB-49BC-9A18-42277884B6E8}.Debug|Any CPU.ActiveCfg = Debug|Any CPU
		{86E5CB9C-B8AB-49BC-9A18-42277884B6E8}.Debug|Any CPU.Build.0 = Debug|Any CPU
		{86E5CB9C-B8AB-49BC-9A18-42277884B6E8}.Release|Any CPU.ActiveCfg = Release|Any CPU
		{86E5CB9C-B8AB-49BC-9A18-42277884B6E8}.Release|Any CPU.Build.0 = Release|Any CPU
		{869950E1-C637-45F2-A97E-013EC4A98B96}.Debug|Any CPU.ActiveCfg = Debug|Any CPU
		{869950E1-C637-45F2-A97E-013EC4A98B96}.Debug|Any CPU.Build.0 = Debug|Any CPU
		{869950E1-C637-45F2-A97E-013EC4A98B96}.Release|Any CPU.ActiveCfg = Release|Any CPU
		{869950E1-C637-45F2-A97E-013EC4A98B96}.Release|Any CPU.Build.0 = Release|Any CPU
		{6D2DE0F2-2036-41B5-B3E2-1F471296E829}.Debug|Any CPU.ActiveCfg = Debug|Any CPU
		{6D2DE0F2-2036-41B5-B3E2-1F471296E829}.Debug|Any CPU.Build.0 = Debug|Any CPU
		{6D2DE0F2-2036-41B5-B3E2-1F471296E829}.Release|Any CPU.ActiveCfg = Release|Any CPU
		{6D2DE0F2-2036-41B5-B3E2-1F471296E829}.Release|Any CPU.Build.0 = Release|Any CPU
		{81FFEEF4-D9F3-4888-918E-7451EEF1A69D}.Debug|Any CPU.ActiveCfg = Debug|Any CPU
		{81FFEEF4-D9F3-4888-918E-7451EEF1A69D}.Debug|Any CPU.Build.0 = Debug|Any CPU
		{81FFEEF4-D9F3-4888-918E-7451EEF1A69D}.Release|Any CPU.ActiveCfg = Release|Any CPU
		{81FFEEF4-D9F3-4888-918E-7451EEF1A69D}.Release|Any CPU.Build.0 = Release|Any CPU
		{3CF8ADC0-6FB1-4717-B3AA-C213E789B11F}.Debug|Any CPU.ActiveCfg = Debug|Any CPU
		{3CF8ADC0-6FB1-4717-B3AA-C213E789B11F}.Debug|Any CPU.Build.0 = Debug|Any CPU
		{3CF8ADC0-6FB1-4717-B3AA-C213E789B11F}.Release|Any CPU.ActiveCfg = Release|Any CPU
		{3CF8ADC0-6FB1-4717-B3AA-C213E789B11F}.Release|Any CPU.Build.0 = Release|Any CPU
	EndGlobalSection
	GlobalSection(SolutionProperties) = preSolution
		HideSolutionNode = FALSE
	EndGlobalSection
	GlobalSection(NestedProjects) = preSolution
		{C1E491F2-8301-4975-B083-488DF096D974} = {5FEAEB99-D776-4EE9-97E0-EF90FA4B8942}
		{73EDA30A-753D-493D-BBE4-2ACAE877ED4F} = {C1E491F2-8301-4975-B083-488DF096D974}
		{113C8328-AAB5-481B-9E2F-34BF7627A01A} = {C1E491F2-8301-4975-B083-488DF096D974}
		{13A0BBE6-168A-4003-ACD2-49E7A48D5449} = {5FEAEB99-D776-4EE9-97E0-EF90FA4B8942}
		{BEF76721-D023-440F-BD2D-5AB7A8B76742} = {13A0BBE6-168A-4003-ACD2-49E7A48D5449}
		{B2D75447-3C34-437A-B181-186352BF5606} = {5FEAEB99-D776-4EE9-97E0-EF90FA4B8942}
		{BFD53742-5539-4639-AC90-E55D49F21202} = {B2D75447-3C34-437A-B181-186352BF5606}
		{C8ECE7DF-C7F7-45EC-A014-D1671B55E469} = {5FEAEB99-D776-4EE9-97E0-EF90FA4B8942}
		{46AAA7CB-8492-4B22-A091-4CE76A963C26} = {C8ECE7DF-C7F7-45EC-A014-D1671B55E469}
		{86E5CB9C-B8AB-49BC-9A18-42277884B6E8} = {C8ECE7DF-C7F7-45EC-A014-D1671B55E469}
		{869950E1-C637-45F2-A97E-013EC4A98B96} = {C8ECE7DF-C7F7-45EC-A014-D1671B55E469}
		{6D2DE0F2-2036-41B5-B3E2-1F471296E829} = {C8ECE7DF-C7F7-45EC-A014-D1671B55E469}
		{81FFEEF4-D9F3-4888-918E-7451EEF1A69D} = {A3204AA8-3D6F-4375-B6B4-C33E5E8AC1A0}
		{3CF8ADC0-6FB1-4717-B3AA-C213E789B11F} = {B09E165A-3491-47B1-B895-B522996AFE58}
	EndGlobalSection
	GlobalSection(ExtensibilityGlobals) = postSolution
		SolutionGuid = {E12E9989-1492-4BE0-9BDA-3286468A95AA}
	EndGlobalSection
EndGlobal
